
Microsoft Visual Studio Solution File, Format Version 12.00
# Visual Studio Version 17
VisualStudioVersion = 17.9.34714.143
MinimumVisualStudioVersion = 10.0.40219.1
Project("{FAE04EC0-301F-11D3-BF4B-00C04F79EFBC}") = "vv", "vv\vv.csproj", "{4A791C8F-3785-4C1A-AF35-A5B8D178E8DA}"
EndProject
Global
	GlobalSection(SolutionConfigurationPlatforms) = preSolution
		Debug|Any CPU = Debug|Any CPU
		Release|Any CPU = Release|Any CPU
	EndGlobalSection
	GlobalSection(ProjectConfigurationPlatforms) = postSolution
		{4A791C8F-3785-4C1A-AF35-A5B8D178E8DA}.Debug|Any CPU.ActiveCfg = Debug|Any CPU
		{4A791C8F-3785-4C1A-AF35-A5B8D178E8DA}.Debug|Any CPU.Build.0 = Debug|Any CPU
		{4A791C8F-3785-4C1A-AF35-A5B8D178E8DA}.Release|Any CPU.ActiveCfg = Release|Any CPU
		{4A791C8F-3785-4C1A-AF35-A5B8D178E8DA}.Release|Any CPU.Build.0 = Release|Any CPU
	EndGlobalSection
	GlobalSection(SolutionProperties) = preSolution
		HideSolutionNode = FALSE
	EndGlobalSection
	GlobalSection(ExtensibilityGlobals) = postSolution
		SolutionGuid = {50330B54-8502-473C-9E7F-8D053D8FD3F8}
	EndGlobalSection
EndGlobal
